// !$*UTF8*$!
{
	archiveVersion = 1;
	classes = {
	};
	objectVersion = 46;
	objects = {

/* Begin PBXBuildFile section */
		2029832885B24D0DB0107E2A /* libPods.a in Frameworks */ = {isa = PBXBuildFile; fileRef = A737113E9FC241769C8C83C2 /* libPods.a */; };
		47185C2C199A044600A6E07B /* GBButton.m in Sources */ = {isa = PBXBuildFile; fileRef = 47185C2B199A044600A6E07B /* GBButton.m */; };
		4721830F1999F80B00252BD2 /* main.m in Sources */ = {isa = PBXBuildFile; fileRef = 4721830E1999F80B00252BD2 /* main.m */; };
		472183121999F80B00252BD2 /* AppDelegate.m in Sources */ = {isa = PBXBuildFile; fileRef = 472183111999F80B00252BD2 /* AppDelegate.m */; };
		472183151999F80B00252BD2 /* GameScene.m in Sources */ = {isa = PBXBuildFile; fileRef = 472183141999F80B00252BD2 /* GameScene.m */; };
		4721831A1999F80B00252BD2 /* GameViewController.m in Sources */ = {isa = PBXBuildFile; fileRef = 472183191999F80B00252BD2 /* GameViewController.m */; };
		4721831D1999F80B00252BD2 /* Main.storyboard in Resources */ = {isa = PBXBuildFile; fileRef = 4721831B1999F80B00252BD2 /* Main.storyboard */; };
		4721831F1999F80B00252BD2 /* Images.xcassets in Resources */ = {isa = PBXBuildFile; fileRef = 4721831E1999F80B00252BD2 /* Images.xcassets */; };
		4721832B1999F80B00252BD2 /* guipTests.m in Sources */ = {isa = PBXBuildFile; fileRef = 4721832A1999F80B00252BD2 /* guipTests.m */; };
		47219B88199B4B7600639B4A /* GBBall.m in Sources */ = {isa = PBXBuildFile; fileRef = 47219B87199B4B7600639B4A /* GBBall.m */; };
		47219B9B199B515300639B4A /* SKAction+SKTExtras.m in Sources */ = {isa = PBXBuildFile; fileRef = 47219B8B199B515300639B4A /* SKAction+SKTExtras.m */; };
		47219B9C199B515300639B4A /* SKAction+SKTSpecialEffects.m in Sources */ = {isa = PBXBuildFile; fileRef = 47219B8D199B515300639B4A /* SKAction+SKTSpecialEffects.m */; };
		47219B9D199B515300639B4A /* SKEmitterNode+SKTExtras.m in Sources */ = {isa = PBXBuildFile; fileRef = 47219B8F199B515300639B4A /* SKEmitterNode+SKTExtras.m */; };
		47219B9E199B515300639B4A /* SKNode+SKTDebugDraw.m in Sources */ = {isa = PBXBuildFile; fileRef = 47219B91199B515300639B4A /* SKNode+SKTDebugDraw.m */; };
		47219B9F199B515300639B4A /* SKNode+SKTExtras.m in Sources */ = {isa = PBXBuildFile; fileRef = 47219B93199B515300639B4A /* SKNode+SKTExtras.m */; };
		47219BA0199B515300639B4A /* SKTAudio.m in Sources */ = {isa = PBXBuildFile; fileRef = 47219B95199B515300639B4A /* SKTAudio.m */; };
		47219BA1199B515300639B4A /* SKTEffects.m in Sources */ = {isa = PBXBuildFile; fileRef = 47219B97199B515300639B4A /* SKTEffects.m */; };
		47219BA2199B515300639B4A /* SKTTimingFunctions.m in Sources */ = {isa = PBXBuildFile; fileRef = 47219B99199B515300639B4A /* SKTTimingFunctions.m */; };
		47219BA4199B53C800639B4A /* CoreGraphics.framework in Frameworks */ = {isa = PBXBuildFile; fileRef = 47219BA3199B53C800639B4A /* CoreGraphics.framework */; };
		47219BA6199B53CE00639B4A /* Foundation.framework in Frameworks */ = {isa = PBXBuildFile; fileRef = 47219BA5199B53CE00639B4A /* Foundation.framework */; };
		47219BA8199B53DE00639B4A /* UIKit.framework in Frameworks */ = {isa = PBXBuildFile; fileRef = 47219BA7199B53DE00639B4A /* UIKit.framework */; };
		47219BAA199B53E300639B4A /* SpriteKit.framework in Frameworks */ = {isa = PBXBuildFile; fileRef = 47219BA9199B53E300639B4A /* SpriteKit.framework */; };
		473F49E3199AFF0300148984 /* MenuScene.m in Sources */ = {isa = PBXBuildFile; fileRef = 473F49E2199AFF0300148984 /* MenuScene.m */; };
		4744782E199A151C00E71FC3 /* README.md in Sources */ = {isa = PBXBuildFile; fileRef = 4744782D199A151C00E71FC3 /* README.md */; };
		4748020D1999FADF00097A95 /* CustomTransitionViewController.m in Sources */ = {isa = PBXBuildFile; fileRef = 4748020C1999FADF00097A95 /* CustomTransitionViewController.m */; };
		474802101999FAF900097A95 /* PresentingAnimator.m in Sources */ = {isa = PBXBuildFile; fileRef = 4748020F1999FAF900097A95 /* PresentingAnimator.m */; };
		474802131999FB1C00097A95 /* DismissingAnimator.m in Sources */ = {isa = PBXBuildFile; fileRef = 474802121999FB1C00097A95 /* DismissingAnimator.m */; };
		4748024A199A002A00097A95 /* ModalViewController.m in Sources */ = {isa = PBXBuildFile; fileRef = 47480249199A002A00097A95 /* ModalViewController.m */; };
		4748024D199A005000097A95 /* UIColor+CustomColors.m in Sources */ = {isa = PBXBuildFile; fileRef = 4748024C199A005000097A95 /* UIColor+CustomColors.m */; };
		47ED770E199B2218003DFE53 /* GBDialog.m in Sources */ = {isa = PBXBuildFile; fileRef = 47ED770D199B2218003DFE53 /* GBDialog.m */; };
/* End PBXBuildFile section */

/* Begin PBXContainerItemProxy section */
		472183251999F80B00252BD2 /* PBXContainerItemProxy */ = {
			isa = PBXContainerItemProxy;
			containerPortal = 472183011999F80B00252BD2 /* Project object */;
			proxyType = 1;
			remoteGlobalIDString = 472183081999F80B00252BD2;
			remoteInfo = guip;
		};
/* End PBXContainerItemProxy section */

/* Begin PBXFileReference section */
		47185C2A199A044600A6E07B /* GBButton.h */ = {isa = PBXFileReference; fileEncoding = 4; lastKnownFileType = sourcecode.c.h; path = GBButton.h; sourceTree = "<group>"; };
		47185C2B199A044600A6E07B /* GBButton.m */ = {isa = PBXFileReference; fileEncoding = 4; lastKnownFileType = sourcecode.c.objc; path = GBButton.m; sourceTree = "<group>"; };
		472183091999F80B00252BD2 /* guip.app */ = {isa = PBXFileReference; explicitFileType = wrapper.application; includeInIndex = 0; path = guip.app; sourceTree = BUILT_PRODUCTS_DIR; };
		4721830D1999F80B00252BD2 /* Info.plist */ = {isa = PBXFileReference; lastKnownFileType = text.plist.xml; path = Info.plist; sourceTree = "<group>"; };
		4721830E1999F80B00252BD2 /* main.m */ = {isa = PBXFileReference; lastKnownFileType = sourcecode.c.objc; path = main.m; sourceTree = "<group>"; };
		472183101999F80B00252BD2 /* AppDelegate.h */ = {isa = PBXFileReference; lastKnownFileType = sourcecode.c.h; path = AppDelegate.h; sourceTree = "<group>"; };
		472183111999F80B00252BD2 /* AppDelegate.m */ = {isa = PBXFileReference; lastKnownFileType = sourcecode.c.objc; path = AppDelegate.m; sourceTree = "<group>"; };
		472183131999F80B00252BD2 /* GameScene.h */ = {isa = PBXFileReference; lastKnownFileType = sourcecode.c.h; path = GameScene.h; sourceTree = "<group>"; };
		472183141999F80B00252BD2 /* GameScene.m */ = {isa = PBXFileReference; lastKnownFileType = sourcecode.c.objc; path = GameScene.m; sourceTree = "<group>"; };
		472183181999F80B00252BD2 /* GameViewController.h */ = {isa = PBXFileReference; lastKnownFileType = sourcecode.c.h; path = GameViewController.h; sourceTree = "<group>"; };
		472183191999F80B00252BD2 /* GameViewController.m */ = {isa = PBXFileReference; lastKnownFileType = sourcecode.c.objc; path = GameViewController.m; sourceTree = "<group>"; };
		4721831C1999F80B00252BD2 /* Base */ = {isa = PBXFileReference; lastKnownFileType = file.storyboard; name = Base; path = Base.lproj/Main.storyboard; sourceTree = "<group>"; };
		4721831E1999F80B00252BD2 /* Images.xcassets */ = {isa = PBXFileReference; lastKnownFileType = folder.assetcatalog; path = Images.xcassets; sourceTree = "<group>"; };
		472183241999F80B00252BD2 /* guipTests.xctest */ = {isa = PBXFileReference; explicitFileType = wrapper.cfbundle; includeInIndex = 0; path = guipTests.xctest; sourceTree = BUILT_PRODUCTS_DIR; };
		472183291999F80B00252BD2 /* Info.plist */ = {isa = PBXFileReference; lastKnownFileType = text.plist.xml; path = Info.plist; sourceTree = "<group>"; };
		4721832A1999F80B00252BD2 /* guipTests.m */ = {isa = PBXFileReference; lastKnownFileType = sourcecode.c.objc; path = guipTests.m; sourceTree = "<group>"; };
		47219B86199B4B7600639B4A /* GBBall.h */ = {isa = PBXFileReference; fileEncoding = 4; lastKnownFileType = sourcecode.c.h; path = GBBall.h; sourceTree = "<group>"; };
		47219B87199B4B7600639B4A /* GBBall.m */ = {isa = PBXFileReference; fileEncoding = 4; lastKnownFileType = sourcecode.c.objc; path = GBBall.m; sourceTree = "<group>"; };
		47219B8A199B515300639B4A /* SKAction+SKTExtras.h */ = {isa = PBXFileReference; fileEncoding = 4; lastKnownFileType = sourcecode.c.h; path = "SKAction+SKTExtras.h"; sourceTree = "<group>"; };
		47219B8B199B515300639B4A /* SKAction+SKTExtras.m */ = {isa = PBXFileReference; fileEncoding = 4; lastKnownFileType = sourcecode.c.objc; path = "SKAction+SKTExtras.m"; sourceTree = "<group>"; };
		47219B8C199B515300639B4A /* SKAction+SKTSpecialEffects.h */ = {isa = PBXFileReference; fileEncoding = 4; lastKnownFileType = sourcecode.c.h; path = "SKAction+SKTSpecialEffects.h"; sourceTree = "<group>"; };
		47219B8D199B515300639B4A /* SKAction+SKTSpecialEffects.m */ = {isa = PBXFileReference; fileEncoding = 4; lastKnownFileType = sourcecode.c.objc; path = "SKAction+SKTSpecialEffects.m"; sourceTree = "<group>"; };
		47219B8E199B515300639B4A /* SKEmitterNode+SKTExtras.h */ = {isa = PBXFileReference; fileEncoding = 4; lastKnownFileType = sourcecode.c.h; path = "SKEmitterNode+SKTExtras.h"; sourceTree = "<group>"; };
		47219B8F199B515300639B4A /* SKEmitterNode+SKTExtras.m */ = {isa = PBXFileReference; fileEncoding = 4; lastKnownFileType = sourcecode.c.objc; path = "SKEmitterNode+SKTExtras.m"; sourceTree = "<group>"; };
		47219B90199B515300639B4A /* SKNode+SKTDebugDraw.h */ = {isa = PBXFileReference; fileEncoding = 4; lastKnownFileType = sourcecode.c.h; path = "SKNode+SKTDebugDraw.h"; sourceTree = "<group>"; };
		47219B91199B515300639B4A /* SKNode+SKTDebugDraw.m */ = {isa = PBXFileReference; fileEncoding = 4; lastKnownFileType = sourcecode.c.objc; path = "SKNode+SKTDebugDraw.m"; sourceTree = "<group>"; };
		47219B92199B515300639B4A /* SKNode+SKTExtras.h */ = {isa = PBXFileReference; fileEncoding = 4; lastKnownFileType = sourcecode.c.h; path = "SKNode+SKTExtras.h"; sourceTree = "<group>"; };
		47219B93199B515300639B4A /* SKNode+SKTExtras.m */ = {isa = PBXFileReference; fileEncoding = 4; lastKnownFileType = sourcecode.c.objc; path = "SKNode+SKTExtras.m"; sourceTree = "<group>"; };
		47219B94199B515300639B4A /* SKTAudio.h */ = {isa = PBXFileReference; fileEncoding = 4; lastKnownFileType = sourcecode.c.h; path = SKTAudio.h; sourceTree = "<group>"; };
		47219B95199B515300639B4A /* SKTAudio.m */ = {isa = PBXFileReference; fileEncoding = 4; lastKnownFileType = sourcecode.c.objc; path = SKTAudio.m; sourceTree = "<group>"; };
		47219B96199B515300639B4A /* SKTEffects.h */ = {isa = PBXFileReference; fileEncoding = 4; lastKnownFileType = sourcecode.c.h; path = SKTEffects.h; sourceTree = "<group>"; };
		47219B97199B515300639B4A /* SKTEffects.m */ = {isa = PBXFileReference; fileEncoding = 4; lastKnownFileType = sourcecode.c.objc; path = SKTEffects.m; sourceTree = "<group>"; };
		47219B98199B515300639B4A /* SKTTimingFunctions.h */ = {isa = PBXFileReference; fileEncoding = 4; lastKnownFileType = sourcecode.c.h; path = SKTTimingFunctions.h; sourceTree = "<group>"; };
		47219B99199B515300639B4A /* SKTTimingFunctions.m */ = {isa = PBXFileReference; fileEncoding = 4; lastKnownFileType = sourcecode.c.objc; path = SKTTimingFunctions.m; sourceTree = "<group>"; };
		47219B9A199B515300639B4A /* SKTUtils.h */ = {isa = PBXFileReference; fileEncoding = 4; lastKnownFileType = sourcecode.c.h; path = SKTUtils.h; sourceTree = "<group>"; };
		47219BA3199B53C800639B4A /* CoreGraphics.framework */ = {isa = PBXFileReference; lastKnownFileType = wrapper.framework; name = CoreGraphics.framework; path = System/Library/Frameworks/CoreGraphics.framework; sourceTree = SDKROOT; };
		47219BA5199B53CE00639B4A /* Foundation.framework */ = {isa = PBXFileReference; lastKnownFileType = wrapper.framework; name = Foundation.framework; path = System/Library/Frameworks/Foundation.framework; sourceTree = SDKROOT; };
		47219BA7199B53DE00639B4A /* UIKit.framework */ = {isa = PBXFileReference; lastKnownFileType = wrapper.framework; name = UIKit.framework; path = System/Library/Frameworks/UIKit.framework; sourceTree = SDKROOT; };
		47219BA9199B53E300639B4A /* SpriteKit.framework */ = {isa = PBXFileReference; lastKnownFileType = wrapper.framework; name = SpriteKit.framework; path = System/Library/Frameworks/SpriteKit.framework; sourceTree = SDKROOT; };
		47219BAC199B55AB00639B4A /* PrefixHeader.pch */ = {isa = PBXFileReference; lastKnownFileType = sourcecode.c.h; path = PrefixHeader.pch; sourceTree = "<group>"; };
		473F49E1199AFF0300148984 /* MenuScene.h */ = {isa = PBXFileReference; fileEncoding = 4; lastKnownFileType = sourcecode.c.h; path = MenuScene.h; sourceTree = "<group>"; };
		473F49E2199AFF0300148984 /* MenuScene.m */ = {isa = PBXFileReference; fileEncoding = 4; lastKnownFileType = sourcecode.c.objc; path = MenuScene.m; sourceTree = "<group>"; };
		4744782D199A151C00E71FC3 /* README.md */ = {isa = PBXFileReference; fileEncoding = 4; lastKnownFileType = net.daringfireball.markdown; path = README.md; sourceTree = "<group>"; };
		4748020B1999FADF00097A95 /* CustomTransitionViewController.h */ = {isa = PBXFileReference; fileEncoding = 4; lastKnownFileType = sourcecode.c.h; path = CustomTransitionViewController.h; sourceTree = "<group>"; };
		4748020C1999FADF00097A95 /* CustomTransitionViewController.m */ = {isa = PBXFileReference; fileEncoding = 4; lastKnownFileType = sourcecode.c.objc; path = CustomTransitionViewController.m; sourceTree = "<group>"; };
		4748020E1999FAF900097A95 /* PresentingAnimator.h */ = {isa = PBXFileReference; fileEncoding = 4; lastKnownFileType = sourcecode.c.h; path = PresentingAnimator.h; sourceTree = "<group>"; };
		4748020F1999FAF900097A95 /* PresentingAnimator.m */ = {isa = PBXFileReference; fileEncoding = 4; lastKnownFileType = sourcecode.c.objc; path = PresentingAnimator.m; sourceTree = "<group>"; };
		474802111999FB1C00097A95 /* DismissingAnimator.h */ = {isa = PBXFileReference; fileEncoding = 4; lastKnownFileType = sourcecode.c.h; path = DismissingAnimator.h; sourceTree = "<group>"; };
		474802121999FB1C00097A95 /* DismissingAnimator.m */ = {isa = PBXFileReference; fileEncoding = 4; lastKnownFileType = sourcecode.c.objc; path = DismissingAnimator.m; sourceTree = "<group>"; };
		47480248199A002A00097A95 /* ModalViewController.h */ = {isa = PBXFileReference; fileEncoding = 4; lastKnownFileType = sourcecode.c.h; path = ModalViewController.h; sourceTree = "<group>"; };
		47480249199A002A00097A95 /* ModalViewController.m */ = {isa = PBXFileReference; fileEncoding = 4; lastKnownFileType = sourcecode.c.objc; path = ModalViewController.m; sourceTree = "<group>"; };
		4748024B199A005000097A95 /* UIColor+CustomColors.h */ = {isa = PBXFileReference; fileEncoding = 4; lastKnownFileType = sourcecode.c.h; path = "UIColor+CustomColors.h"; sourceTree = "<group>"; };
		4748024C199A005000097A95 /* UIColor+CustomColors.m */ = {isa = PBXFileReference; fileEncoding = 4; lastKnownFileType = sourcecode.c.objc; path = "UIColor+CustomColors.m"; sourceTree = "<group>"; };
		47ED770C199B2218003DFE53 /* GBDialog.h */ = {isa = PBXFileReference; fileEncoding = 4; lastKnownFileType = sourcecode.c.h; path = GBDialog.h; sourceTree = "<group>"; };
		47ED770D199B2218003DFE53 /* GBDialog.m */ = {isa = PBXFileReference; fileEncoding = 4; lastKnownFileType = sourcecode.c.objc; path = GBDialog.m; sourceTree = "<group>"; };
		A737113E9FC241769C8C83C2 /* libPods.a */ = {isa = PBXFileReference; explicitFileType = archive.ar; includeInIndex = 0; path = libPods.a; sourceTree = BUILT_PRODUCTS_DIR; };
		BFA5B45F8E2B44C4ACC74552 /* Pods.xcconfig */ = {isa = PBXFileReference; includeInIndex = 1; lastKnownFileType = text.xcconfig; name = Pods.xcconfig; path = Pods/Pods.xcconfig; sourceTree = "<group>"; };
/* End PBXFileReference section */

/* Begin PBXFrameworksBuildPhase section */
		472183061999F80B00252BD2 /* Frameworks */ = {
			isa = PBXFrameworksBuildPhase;
			buildActionMask = 2147483647;
			files = (
				47219BAA199B53E300639B4A /* SpriteKit.framework in Frameworks */,
				47219BA8199B53DE00639B4A /* UIKit.framework in Frameworks */,
				47219BA6199B53CE00639B4A /* Foundation.framework in Frameworks */,
				47219BA4199B53C800639B4A /* CoreGraphics.framework in Frameworks */,
				2029832885B24D0DB0107E2A /* libPods.a in Frameworks */,
			);
			runOnlyForDeploymentPostprocessing = 0;
		};
		472183211999F80B00252BD2 /* Frameworks */ = {
			isa = PBXFrameworksBuildPhase;
			buildActionMask = 2147483647;
			files = (
			);
			runOnlyForDeploymentPostprocessing = 0;
		};
/* End PBXFrameworksBuildPhase section */

/* Begin PBXGroup section */
		472183001999F80B00252BD2 = {
			isa = PBXGroup;
			children = (
				47219BAC199B55AB00639B4A /* PrefixHeader.pch */,
				4744782D199A151C00E71FC3 /* README.md */,
				4721830B1999F80B00252BD2 /* guip */,
				472183271999F80B00252BD2 /* guipTests */,
				4721830A1999F80B00252BD2 /* Products */,
				BFA5B45F8E2B44C4ACC74552 /* Pods.xcconfig */,
				B45144761D344CDD9DFD20B2 /* Frameworks */,
			);
			sourceTree = "<group>";
		};
		4721830A1999F80B00252BD2 /* Products */ = {
			isa = PBXGroup;
			children = (
				472183091999F80B00252BD2 /* guip.app */,
				472183241999F80B00252BD2 /* guipTests.xctest */,
			);
			name = Products;
			sourceTree = "<group>";
		};
		4721830B1999F80B00252BD2 /* guip */ = {
			isa = PBXGroup;
			children = (
				47219B89199B515300639B4A /* SKTUtils */,
				473F49DE199AF95A00148984 /* Scene */,
				473F49DD199AF91700148984 /* Common */,
				473F49DC199AF90700148984 /* Button */,
				473F49DB199AF8F800148984 /* Dialog */,
				472183101999F80B00252BD2 /* AppDelegate.h */,
				472183111999F80B00252BD2 /* AppDelegate.m */,
				472183181999F80B00252BD2 /* GameViewController.h */,
				472183191999F80B00252BD2 /* GameViewController.m */,
				4721831B1999F80B00252BD2 /* Main.storyboard */,
				4721831E1999F80B00252BD2 /* Images.xcassets */,
				4721830C1999F80B00252BD2 /* Supporting Files */,
			);
			path = guip;
			sourceTree = "<group>";
		};
		4721830C1999F80B00252BD2 /* Supporting Files */ = {
			isa = PBXGroup;
			children = (
				4721830D1999F80B00252BD2 /* Info.plist */,
				4721830E1999F80B00252BD2 /* main.m */,
			);
			name = "Supporting Files";
			sourceTree = "<group>";
		};
		472183271999F80B00252BD2 /* guipTests */ = {
			isa = PBXGroup;
			children = (
				4721832A1999F80B00252BD2 /* guipTests.m */,
				472183281999F80B00252BD2 /* Supporting Files */,
			);
			path = guipTests;
			sourceTree = "<group>";
		};
		472183281999F80B00252BD2 /* Supporting Files */ = {
			isa = PBXGroup;
			children = (
				472183291999F80B00252BD2 /* Info.plist */,
			);
			name = "Supporting Files";
			sourceTree = "<group>";
		};
		47219B89199B515300639B4A /* SKTUtils */ = {
			isa = PBXGroup;
			children = (
				47219B8A199B515300639B4A /* SKAction+SKTExtras.h */,
				47219B8B199B515300639B4A /* SKAction+SKTExtras.m */,
				47219B8C199B515300639B4A /* SKAction+SKTSpecialEffects.h */,
				47219B8D199B515300639B4A /* SKAction+SKTSpecialEffects.m */,
				47219B8E199B515300639B4A /* SKEmitterNode+SKTExtras.h */,
				47219B8F199B515300639B4A /* SKEmitterNode+SKTExtras.m */,
				47219B90199B515300639B4A /* SKNode+SKTDebugDraw.h */,
				47219B91199B515300639B4A /* SKNode+SKTDebugDraw.m */,
				47219B92199B515300639B4A /* SKNode+SKTExtras.h */,
				47219B93199B515300639B4A /* SKNode+SKTExtras.m */,
				47219B94199B515300639B4A /* SKTAudio.h */,
				47219B95199B515300639B4A /* SKTAudio.m */,
				47219B96199B515300639B4A /* SKTEffects.h */,
				47219B97199B515300639B4A /* SKTEffects.m */,
				47219B98199B515300639B4A /* SKTTimingFunctions.h */,
				47219B99199B515300639B4A /* SKTTimingFunctions.m */,
				47219B9A199B515300639B4A /* SKTUtils.h */,
			);
			path = SKTUtils;
			sourceTree = "<group>";
		};
		473F49DB199AF8F800148984 /* Dialog */ = {
			isa = PBXGroup;
			children = (
				47ED770F199B2228003DFE53 /* old */,
				47ED770C199B2218003DFE53 /* GBDialog.h */,
				47ED770D199B2218003DFE53 /* GBDialog.m */,
			);
			name = Dialog;
			sourceTree = "<group>";
		};
		473F49DC199AF90700148984 /* Button */ = {
			isa = PBXGroup;
			children = (
				47185C2A199A044600A6E07B /* GBButton.h */,
				47185C2B199A044600A6E07B /* GBButton.m */,
			);
			name = Button;
			sourceTree = "<group>";
		};
		473F49DD199AF91700148984 /* Common */ = {
			isa = PBXGroup;
			children = (
				47219B86199B4B7600639B4A /* GBBall.h */,
				47219B87199B4B7600639B4A /* GBBall.m */,
				4748024B199A005000097A95 /* UIColor+CustomColors.h */,
				4748024C199A005000097A95 /* UIColor+CustomColors.m */,
			);
			name = Common;
			sourceTree = "<group>";
		};
		473F49DE199AF95A00148984 /* Scene */ = {
			isa = PBXGroup;
			children = (
				472183131999F80B00252BD2 /* GameScene.h */,
				472183141999F80B00252BD2 /* GameScene.m */,
				473F49E1199AFF0300148984 /* MenuScene.h */,
				473F49E2199AFF0300148984 /* MenuScene.m */,
			);
			name = Scene;
			sourceTree = "<group>";
		};
		47ED770F199B2228003DFE53 /* old */ = {
			isa = PBXGroup;
			children = (
				4748020B1999FADF00097A95 /* CustomTransitionViewController.h */,
				4748020C1999FADF00097A95 /* CustomTransitionViewController.m */,
				47480248199A002A00097A95 /* ModalViewController.h */,
				47480249199A002A00097A95 /* ModalViewController.m */,
				474802111999FB1C00097A95 /* DismissingAnimator.h */,
				474802121999FB1C00097A95 /* DismissingAnimator.m */,
				4748020E1999FAF900097A95 /* PresentingAnimator.h */,
				4748020F1999FAF900097A95 /* PresentingAnimator.m */,
			);
			name = old;
			sourceTree = "<group>";
		};
		B45144761D344CDD9DFD20B2 /* Frameworks */ = {
			isa = PBXGroup;
			children = (
				47219BA9199B53E300639B4A /* SpriteKit.framework */,
				47219BA7199B53DE00639B4A /* UIKit.framework */,
				47219BA5199B53CE00639B4A /* Foundation.framework */,
				47219BA3199B53C800639B4A /* CoreGraphics.framework */,
				A737113E9FC241769C8C83C2 /* libPods.a */,
			);
			name = Frameworks;
			sourceTree = "<group>";
		};
/* End PBXGroup section */

/* Begin PBXNativeTarget section */
		472183081999F80B00252BD2 /* guip */ = {
			isa = PBXNativeTarget;
			buildConfigurationList = 4721832E1999F80B00252BD2 /* Build configuration list for PBXNativeTarget "guip" */;
			buildPhases = (
				9435C10812BF4B6F8662800F /* Check Pods Manifest.lock */,
				472183051999F80B00252BD2 /* Sources */,
				472183061999F80B00252BD2 /* Frameworks */,
				472183071999F80B00252BD2 /* Resources */,
				7EBA672CA93A4108B424A70B /* Copy Pods Resources */,
			);
			buildRules = (
			);
			dependencies = (
			);
			name = guip;
			productName = guip;
			productReference = 472183091999F80B00252BD2 /* guip.app */;
			productType = "com.apple.product-type.application";
		};
		472183231999F80B00252BD2 /* guipTests */ = {
			isa = PBXNativeTarget;
			buildConfigurationList = 472183311999F80B00252BD2 /* Build configuration list for PBXNativeTarget "guipTests" */;
			buildPhases = (
				472183201999F80B00252BD2 /* Sources */,
				472183211999F80B00252BD2 /* Frameworks */,
				472183221999F80B00252BD2 /* Resources */,
			);
			buildRules = (
			);
			dependencies = (
				472183261999F80B00252BD2 /* PBXTargetDependency */,
			);
			name = guipTests;
			productName = guipTests;
			productReference = 472183241999F80B00252BD2 /* guipTests.xctest */;
			productType = "com.apple.product-type.bundle.unit-test";
		};
/* End PBXNativeTarget section */

/* Begin PBXProject section */
		472183011999F80B00252BD2 /* Project object */ = {
			isa = PBXProject;
			attributes = {
				LastUpgradeCheck = 0600;
				ORGANIZATIONNAME = chentb;
				TargetAttributes = {
					472183081999F80B00252BD2 = {
						CreatedOnToolsVersion = 6.0;
						DevelopmentTeam = K22D3CEE8V;
					};
					472183231999F80B00252BD2 = {
						CreatedOnToolsVersion = 6.0;
						TestTargetID = 472183081999F80B00252BD2;
					};
				};
			};
			buildConfigurationList = 472183041999F80B00252BD2 /* Build configuration list for PBXProject "guip" */;
			compatibilityVersion = "Xcode 3.2";
			developmentRegion = English;
			hasScannedForEncodings = 0;
			knownRegions = (
				en,
				Base,
			);
			mainGroup = 472183001999F80B00252BD2;
			productRefGroup = 4721830A1999F80B00252BD2 /* Products */;
			projectDirPath = "";
			projectRoot = "";
			targets = (
				472183081999F80B00252BD2 /* guip */,
				472183231999F80B00252BD2 /* guipTests */,
			);
		};
/* End PBXProject section */

/* Begin PBXResourcesBuildPhase section */
		472183071999F80B00252BD2 /* Resources */ = {
			isa = PBXResourcesBuildPhase;
			buildActionMask = 2147483647;
			files = (
				4721831F1999F80B00252BD2 /* Images.xcassets in Resources */,
				4721831D1999F80B00252BD2 /* Main.storyboard in Resources */,
			);
			runOnlyForDeploymentPostprocessing = 0;
		};
		472183221999F80B00252BD2 /* Resources */ = {
			isa = PBXResourcesBuildPhase;
			buildActionMask = 2147483647;
			files = (
			);
			runOnlyForDeploymentPostprocessing = 0;
		};
/* End PBXResourcesBuildPhase section */

/* Begin PBXShellScriptBuildPhase section */
		7EBA672CA93A4108B424A70B /* Copy Pods Resources */ = {
			isa = PBXShellScriptBuildPhase;
			buildActionMask = 2147483647;
			files = (
			);
			inputPaths = (
			);
			name = "Copy Pods Resources";
			outputPaths = (
			);
			runOnlyForDeploymentPostprocessing = 0;
			shellPath = /bin/sh;
			shellScript = "\"${SRCROOT}/Pods/Pods-resources.sh\"\n";
			showEnvVarsInLog = 0;
		};
		9435C10812BF4B6F8662800F /* Check Pods Manifest.lock */ = {
			isa = PBXShellScriptBuildPhase;
			buildActionMask = 2147483647;
			files = (
			);
			inputPaths = (
			);
			name = "Check Pods Manifest.lock";
			outputPaths = (
			);
			runOnlyForDeploymentPostprocessing = 0;
			shellPath = /bin/sh;
			shellScript = "diff \"${PODS_ROOT}/../Podfile.lock\" \"${PODS_ROOT}/Manifest.lock\" > /dev/null\nif [[ $? != 0 ]] ; then\n    cat << EOM\nerror: The sandbox is not in sync with the Podfile.lock. Run 'pod install' or update your CocoaPods installation.\nEOM\n    exit 1\nfi\n";
			showEnvVarsInLog = 0;
		};
/* End PBXShellScriptBuildPhase section */

/* Begin PBXSourcesBuildPhase section */
		472183051999F80B00252BD2 /* Sources */ = {
			isa = PBXSourcesBuildPhase;
			buildActionMask = 2147483647;
			files = (
				47219B9E199B515300639B4A /* SKNode+SKTDebugDraw.m in Sources */,
				4721831A1999F80B00252BD2 /* GameViewController.m in Sources */,
				47219BA1199B515300639B4A /* SKTEffects.m in Sources */,
				47219B9D199B515300639B4A /* SKEmitterNode+SKTExtras.m in Sources */,
				47219B9C199B515300639B4A /* SKAction+SKTSpecialEffects.m in Sources */,
				474802101999FAF900097A95 /* PresentingAnimator.m in Sources */,
				472183121999F80B00252BD2 /* AppDelegate.m in Sources */,
				47219B88199B4B7600639B4A /* GBBall.m in Sources */,
				4748024D199A005000097A95 /* UIColor+CustomColors.m in Sources */,
				472183151999F80B00252BD2 /* GameScene.m in Sources */,
				47219BA0199B515300639B4A /* SKTAudio.m in Sources */,
				4748024A199A002A00097A95 /* ModalViewController.m in Sources */,
				47185C2C199A044600A6E07B /* GBButton.m in Sources */,
				4721830F1999F80B00252BD2 /* main.m in Sources */,
				47219B9F199B515300639B4A /* SKNode+SKTExtras.m in Sources */,
				4748020D1999FADF00097A95 /* CustomTransitionViewController.m in Sources */,
				47219BA2199B515300639B4A /* SKTTimingFunctions.m in Sources */,
				473F49E3199AFF0300148984 /* MenuScene.m in Sources */,
				47ED770E199B2218003DFE53 /* GBDialog.m in Sources */,
				47219B9B199B515300639B4A /* SKAction+SKTExtras.m in Sources */,
				4744782E199A151C00E71FC3 /* README.md in Sources */,
				474802131999FB1C00097A95 /* DismissingAnimator.m in Sources */,
			);
			runOnlyForDeploymentPostprocessing = 0;
		};
		472183201999F80B00252BD2 /* Sources */ = {
			isa = PBXSourcesBuildPhase;
			buildActionMask = 2147483647;
			files = (
				4721832B1999F80B00252BD2 /* guipTests.m in Sources */,
			);
			runOnlyForDeploymentPostprocessing = 0;
		};
/* End PBXSourcesBuildPhase section */

/* Begin PBXTargetDependency section */
		472183261999F80B00252BD2 /* PBXTargetDependency */ = {
			isa = PBXTargetDependency;
			target = 472183081999F80B00252BD2 /* guip */;
			targetProxy = 472183251999F80B00252BD2 /* PBXContainerItemProxy */;
		};
/* End PBXTargetDependency section */

/* Begin PBXVariantGroup section */
		4721831B1999F80B00252BD2 /* Main.storyboard */ = {
			isa = PBXVariantGroup;
			children = (
				4721831C1999F80B00252BD2 /* Base */,
			);
			name = Main.storyboard;
			sourceTree = "<group>";
		};
/* End PBXVariantGroup section */

/* Begin XCBuildConfiguration section */
		4721832C1999F80B00252BD2 /* Debug */ = {
			isa = XCBuildConfiguration;
			buildSettings = {
				ALWAYS_SEARCH_USER_PATHS = NO;
				CLANG_CXX_LANGUAGE_STANDARD = "gnu++0x";
				CLANG_CXX_LIBRARY = "libc++";
				CLANG_ENABLE_MODULES = YES;
				CLANG_ENABLE_OBJC_ARC = YES;
				CLANG_WARN_BOOL_CONVERSION = YES;
				CLANG_WARN_CONSTANT_CONVERSION = YES;
				CLANG_WARN_DIRECT_OBJC_ISA_USAGE = YES_ERROR;
				CLANG_WARN_EMPTY_BODY = YES;
				CLANG_WARN_ENUM_CONVERSION = YES;
				CLANG_WARN_INT_CONVERSION = YES;
				CLANG_WARN_OBJC_ROOT_CLASS = YES_ERROR;
				CLANG_WARN_UNREACHABLE_CODE = YES;
				CLANG_WARN__DUPLICATE_METHOD_MATCH = YES;
				"CODE_SIGN_IDENTITY[sdk=iphoneos*]" = "iPhone Developer";
				COPY_PHASE_STRIP = NO;
				ENABLE_STRICT_OBJC_MSGSEND = YES;
				GCC_C_LANGUAGE_STANDARD = gnu99;
				GCC_DYNAMIC_NO_PIC = NO;
				GCC_OPTIMIZATION_LEVEL = 0;
				GCC_PREFIX_HEADER = PrefixHeader.pch;
				GCC_PREPROCESSOR_DEFINITIONS = (
					"DEBUG=1",
					"$(inherited)",
				);
				GCC_SYMBOLS_PRIVATE_EXTERN = NO;
				GCC_WARN_64_TO_32_BIT_CONVERSION = YES;
				GCC_WARN_ABOUT_RETURN_TYPE = YES_ERROR;
				GCC_WARN_UNDECLARED_SELECTOR = YES;
				GCC_WARN_UNINITIALIZED_AUTOS = YES_AGGRESSIVE;
				GCC_WARN_UNUSED_FUNCTION = YES;
				GCC_WARN_UNUSED_VARIABLE = YES;
				IPHONEOS_DEPLOYMENT_TARGET = 8.0;
				MTL_ENABLE_DEBUG_INFO = YES;
				ONLY_ACTIVE_ARCH = YES;
				SDKROOT = iphoneos;
			};
			name = Debug;
		};
		4721832D1999F80B00252BD2 /* Release */ = {
			isa = XCBuildConfiguration;
			buildSettings = {
				ALWAYS_SEARCH_USER_PATHS = NO;
				CLANG_CXX_LANGUAGE_STANDARD = "gnu++0x";
				CLANG_CXX_LIBRARY = "libc++";
				CLANG_ENABLE_MODULES = YES;
				CLANG_ENABLE_OBJC_ARC = YES;
				CLANG_WARN_BOOL_CONVERSION = YES;
				CLANG_WARN_CONSTANT_CONVERSION = YES;
				CLANG_WARN_DIRECT_OBJC_ISA_USAGE = YES_ERROR;
				CLANG_WARN_EMPTY_BODY = YES;
				CLANG_WARN_ENUM_CONVERSION = YES;
				CLANG_WARN_INT_CONVERSION = YES;
				CLANG_WARN_OBJC_ROOT_CLASS = YES_ERROR;
				CLANG_WARN_UNREACHABLE_CODE = YES;
				CLANG_WARN__DUPLICATE_METHOD_MATCH = YES;
				"CODE_SIGN_IDENTITY[sdk=iphoneos*]" = "iPhone Developer";
				COPY_PHASE_STRIP = YES;
				ENABLE_NS_ASSERTIONS = NO;
				ENABLE_STRICT_OBJC_MSGSEND = YES;
				GCC_C_LANGUAGE_STANDARD = gnu99;
				GCC_PREFIX_HEADER = PrefixHeader.pch;
				GCC_WARN_64_TO_32_BIT_CONVERSION = YES;
				GCC_WARN_ABOUT_RETURN_TYPE = YES_ERROR;
				GCC_WARN_UNDECLARED_SELECTOR = YES;
				GCC_WARN_UNINITIALIZED_AUTOS = YES_AGGRESSIVE;
				GCC_WARN_UNUSED_FUNCTION = YES;
				GCC_WARN_UNUSED_VARIABLE = YES;
				IPHONEOS_DEPLOYMENT_TARGET = 8.0;
				MTL_ENABLE_DEBUG_INFO = NO;
				SDKROOT = iphoneos;
				VALIDATE_PRODUCT = YES;
			};
			name = Release;
		};
		4721832F1999F80B00252BD2 /* Debug */ = {
			isa = XCBuildConfiguration;
			baseConfigurationReference = BFA5B45F8E2B44C4ACC74552 /* Pods.xcconfig */;
			buildSettings = {
				ASSETCATALOG_COMPILER_APPICON_NAME = AppIcon;
				ASSETCATALOG_COMPILER_LAUNCHIMAGE_NAME = LaunchImage;
				CODE_SIGN_IDENTITY = "iPhone Developer";
				"CODE_SIGN_IDENTITY[sdk=iphoneos*]" = "iPhone Developer";
				INFOPLIST_FILE = guip/Info.plist;
				IPHONEOS_DEPLOYMENT_TARGET = 7.0;
				LD_RUNPATH_SEARCH_PATHS = "$(inherited) @executable_path/Frameworks";
				PRODUCT_NAME = "$(TARGET_NAME)";
				PROVISIONING_PROFILE = "";
				TARGETED_DEVICE_FAMILY = "1,2";
			};
			name = Debug;
		};
		472183301999F80B00252BD2 /* Release */ = {
			isa = XCBuildConfiguration;
			baseConfigurationReference = BFA5B45F8E2B44C4ACC74552 /* Pods.xcconfig */;
			buildSettings = {
				ASSETCATALOG_COMPILER_APPICON_NAME = AppIcon;
				ASSETCATALOG_COMPILER_LAUNCHIMAGE_NAME = LaunchImage;
				CODE_SIGN_IDENTITY = "iPhone Developer";
				"CODE_SIGN_IDENTITY[sdk=iphoneos*]" = "iPhone Developer";
				INFOPLIST_FILE = guip/Info.plist;
				IPHONEOS_DEPLOYMENT_TARGET = 7.0;
				LD_RUNPATH_SEARCH_PATHS = "$(inherited) @executable_path/Frameworks";
				PRODUCT_NAME = "$(TARGET_NAME)";
				PROVISIONING_PROFILE = "";
				TARGETED_DEVICE_FAMILY = "1,2";
			};
			name = Release;
		};
		472183321999F80B00252BD2 /* Debug */ = {
			isa = XCBuildConfiguration;
			buildSettings = {
				BUNDLE_LOADER = "$(BUILT_PRODUCTS_DIR)/guip.app/guip";
				FRAMEWORK_SEARCH_PATHS = (
					"$(SDKROOT)/Developer/Library/Frameworks",
					"$(inherited)",
				);
				GCC_PREPROCESSOR_DEFINITIONS = (
					"DEBUG=1",
					"$(inherited)",
				);
				INFOPLIST_FILE = guipTests/Info.plist;
				LD_RUNPATH_SEARCH_PATHS = "$(inherited) @executable_path/Frameworks @loader_path/Frameworks";
				PRODUCT_NAME = "$(TARGET_NAME)";
				TEST_HOST = "$(BUNDLE_LOADER)";
			};
			name = Debug;
		};
		472183331999F80B00252BD2 /* Release */ = {
			isa = XCBuildConfiguration;
			buildSettings = {
				BUNDLE_LOADER = "$(BUILT_PRODUCTS_DIR)/guip.app/guip";
				FRAMEWORK_SEARCH_PATHS = (
					"$(SDKROOT)/Developer/Library/Frameworks",
					"$(inherited)",
				);
				INFOPLIST_FILE = guipTests/Info.plist;
				LD_RUNPATH_SEARCH_PATHS = "$(inherited) @executable_path/Frameworks @loader_path/Frameworks";
				PRODUCT_NAME = "$(TARGET_NAME)";
				TEST_HOST = "$(BUNDLE_LOADER)";
			};
			name = Release;
		};
/* End XCBuildConfiguration section */

/* Begin XCConfigurationList section */
		472183041999F80B00252BD2 /* Build configuration list for PBXProject "guip" */ = {
			isa = XCConfigurationList;
			buildConfigurations = (
				4721832C1999F80B00252BD2 /* Debug */,
				4721832D1999F80B00252BD2 /* Release */,
			);
			defaultConfigurationIsVisible = 0;
			defaultConfigurationName = Release;
		};
		4721832E1999F80B00252BD2 /* Build configuration list for PBXNativeTarget "guip" */ = {
			isa = XCConfigurationList;
			buildConfigurations = (
				4721832F1999F80B00252BD2 /* Debug */,
				472183301999F80B00252BD2 /* Release */,
			);
			defaultConfigurationIsVisible = 0;
			defaultConfigurationName = Release;
		};
		472183311999F80B00252BD2 /* Build configuration list for PBXNativeTarget "guipTests" */ = {
			isa = XCConfigurationList;
			buildConfigurations = (
				472183321999F80B00252BD2 /* Debug */,
				472183331999F80B00252BD2 /* Release */,
			);
			defaultConfigurationIsVisible = 0;
			defaultConfigurationName = Release;
		};
/* End XCConfigurationList section */
	};
	rootObject = 472183011999F80B00252BD2 /* Project object */;
}
